
Microsoft Visual Studio Solution File, Format Version 12.00
# Visual Studio Version 17
VisualStudioVersion = 17.14.36221.1 d17.14
MinimumVisualStudioVersion = 10.0.40219.1
Project("{FAE04EC0-301F-11D3-BF4B-00C04F79EFBC}") = "ExcelFinder", "ExcelFinder.csproj", "{2BFFD3A6-FE69-495B-B5A2-762A3E92DA0C}"
EndProject
Global
	GlobalSection(SolutionConfigurationPlatforms) = preSolution
		Debug|Any CPU = Debug|Any CPU
		Release|Any CPU = Release|Any CPU
	EndGlobalSection
	GlobalSection(ProjectConfigurationPlatforms) = postSolution
		{2BFFD3A6-FE69-495B-B5A2-762A3E92DA0C}.Debug|Any CPU.ActiveCfg = Debug|Any CPU
		{2BFFD3A6-FE69-495B-B5A2-762A3E92DA0C}.Debug|Any CPU.Build.0 = Debug|Any CPU
		{2BFFD3A6-FE69-495B-B5A2-762A3E92DA0C}.Release|Any CPU.ActiveCfg = Release|Any CPU
		{2BFFD3A6-FE69-495B-B5A2-762A3E92DA0C}.Release|Any CPU.Build.0 = Release|Any CPU
	EndGlobalSection
	GlobalSection(SolutionProperties) = preSolution
		HideSolutionNode = FALSE
	EndGlobalSection
	GlobalSection(ExtensibilityGlobals) = postSolution
		SolutionGuid = {46DD6E14-567C-4810-ADC3-E72EB956524D}
	EndGlobalSection
EndGlobal
